
Microsoft Visual Studio Solution File, Format Version 12.00
# Visual Studio Version 16
VisualStudioVersion = 16.0.32106.194
MinimumVisualStudioVersion = 10.0.40219.1
Project("{FAE04EC0-301F-11D3-BF4B-00C04F79EFBC}") = "MyLibrary", "MyLibrary\MyLibrary.csproj", "{291E804F-66EF-4C61-8F00-6586E03FC50A}"
EndProject
Global
	GlobalSection(SolutionConfigurationPlatforms) = preSolution
		Debug|Any CPU = Debug|Any CPU
		Release|Any CPU = Release|Any CPU
	EndGlobalSection
	GlobalSection(ProjectConfigurationPlatforms) = postSolution
		{291E804F-66EF-4C61-8F00-6586E03FC50A}.Debug|Any CPU.ActiveCfg = Debug|Any CPU
		{291E804F-66EF-4C61-8F00-6586E03FC50A}.Debug|Any CPU.Build.0 = Debug|Any CPU
		{291E804F-66EF-4C61-8F00-6586E03FC50A}.Release|Any CPU.ActiveCfg = Release|Any CPU
		{291E804F-66EF-4C61-8F00-6586E03FC50A}.Release|Any CPU.Build.0 = Release|Any CPU
	EndGlobalSection
	GlobalSection(SolutionProperties) = preSolution
		HideSolutionNode = FALSE
	EndGlobalSection
	GlobalSection(ExtensibilityGlobals) = postSolution
		SolutionGuid = {DFA66200-FDD7-46FC-B2F6-12B0CF4A9B51}
	EndGlobalSection
EndGlobal
